
Microsoft Visual Studio Solution File, Format Version 11.00
# Visual Studio 2010
Project("{8BC9CEB8-8B4A-11D0-8D11-00A0C91BC942}") = "PACMAN RETURNS", "PACMAN RETURNS\PACMAN RETURNS.vcxproj", "{F37D067A-E73C-49CF-9917-6BA6A215D694}"
EndProject
Global
	GlobalSection(SolutionConfigurationPlatforms) = preSolution
		Debug|Win32 = Debug|Win32
		Release|Win32 = Release|Win32
	EndGlobalSection
	GlobalSection(ProjectConfigurationPlatforms) = postSolution
		{F37D067A-E73C-49CF-9917-6BA6A215D694}.Debug|Win32.ActiveCfg = Debug|Win32
		{F37D067A-E73C-49CF-9917-6BA6A215D694}.Debug|Win32.Build.0 = Debug|Win32
		{F37D067A-E73C-49CF-9917-6BA6A215D694}.Release|Win32.ActiveCfg = Release|Win32
		{F37D067A-E73C-49CF-9917-6BA6A215D694}.Release|Win32.Build.0 = Release|Win32
	EndGlobalSection
	GlobalSection(SolutionProperties) = preSolution
		HideSolutionNode = FALSE
	EndGlobalSection
EndGlobal
